
Microsoft Visual Studio Solution File, Format Version 12.00
# Visual Studio Version 17
VisualStudioVersion = 17.12.35707.178
MinimumVisualStudioVersion = 10.0.40219.1
Project("{8BC9CEB8-8B4A-11D0-8D11-00A0C91BC942}") = "001_bmi", "001_bmi\001_bmi.vcxproj", "{B251E3FE-1615-42E5-B40F-EF69EE8E4920}"
EndProject
Project("{8BC9CEB8-8B4A-11D0-8D11-00A0C91BC942}") = "002_bmi_Cpp", "002_bmi_Cpp\002_bmi_Cpp.vcxproj", "{C7C64768-D0EC-47D8-B906-80A5C2BAAEDB}"
EndProject
Project("{FAE04EC0-301F-11D3-BF4B-00C04F79EFBC}") = "003_bmi_CS", "003_bmi_CS\003_bmi_CS.csproj", "{FCB5A6D9-45C6-4D80-8804-3E4248067C41}"
EndProject
Project("{FAE04EC0-301F-11D3-BF4B-00C04F79EFBC}") = "004_bmiForm", "004_bmiForm\004_bmiForm.csproj", "{9A2AEDD8-9B4D-46A5-9EF6-98F13032C856}"
EndProject
Project("{FAE04EC0-301F-11D3-BF4B-00C04F79EFBC}") = "005_bmiForm2", "005_bmiForm2\005_bmiForm2.csproj", "{12B54E14-EA01-469F-844A-68F577A2B809}"
EndProject
Project("{FAE04EC0-301F-11D3-BF4B-00C04F79EFBC}") = "006_bmiForm3", "006_bmiForm3\006_bmiForm3.csproj", "{5D01BAAC-D6C0-4125-BD35-2A3532FEE1DF}"
EndProject
Project("{FAE04EC0-301F-11D3-BF4B-00C04F79EFBC}") = "007_bmiForm4", "007_bmiForm4\007_bmiForm4.csproj", "{320A0CB6-6AAB-4D96-A349-A28091F6A718}"
EndProject
Project("{FAE04EC0-301F-11D3-BF4B-00C04F79EFBC}") = "008_Login", "008_Login\008_Login.csproj", "{E489B63E-AED9-4C96-B871-B1E269F58E47}"
EndProject
Project("{FAE04EC0-301F-11D3-BF4B-00C04F79EFBC}") = "009_format", "009_format\009_format.csproj", "{316A0377-2554-4C8B-B4C3-612265DF18BC}"
EndProject
Project("{FAE04EC0-301F-11D3-BF4B-00C04F79EFBC}") = "010_name", "010_name\010_name.csproj", "{49DA9D00-5BD2-4320-94A0-568FBAB31F2B}"
EndProject
Project("{FAE04EC0-301F-11D3-BF4B-00C04F79EFBC}") = "011_MessageBox", "011_MessageeBox\011_MessageBox.csproj", "{743C8E2C-9AC1-4D84-84BE-9348F2B3D05F}"
EndProject
Project("{FAE04EC0-301F-11D3-BF4B-00C04F79EFBC}") = "012_Labels", "012_Labels\012_Labels.csproj", "{94A23755-7F83-4BF7-9D12-498B0FF98CAF}"
EndProject
Project("{FAE04EC0-301F-11D3-BF4B-00C04F79EFBC}") = "013_CheckBox", "013_CheckBox\013_CheckBox.csproj", "{F4C97565-37A0-4263-81D4-F77DE7B65DA9}"
EndProject
Project("{FAE04EC0-301F-11D3-BF4B-00C04F79EFBC}") = "014_RadioButton", "014_RadioButton\014_RadioButton.csproj", "{DE5E3E85-CE87-4489-9F6D-D17370D01BCB}"
EndProject
Project("{FAE04EC0-301F-11D3-BF4B-00C04F79EFBC}") = "015", "015\015.csproj", "{D7CDAEF3-0696-44A6-84D2-EA33F18B8044}"
EndProject
Project("{FAE04EC0-301F-11D3-BF4B-00C04F79EFBC}") = "016_Score", "016_Score\016_Score.csproj", "{C8EF1C23-9242-42E8-A156-A195B4F253D4}"
EndProject
Project("{FAE04EC0-301F-11D3-BF4B-00C04F79EFBC}") = "017_Grade", "017_Grade\017_Grade.csproj", "{FC1F3059-C035-442B-9693-A6384074FEE3}"
EndProject
Global
	GlobalSection(SolutionConfigurationPlatforms) = preSolution
		Debug|Any CPU = Debug|Any CPU
		Debug|x64 = Debug|x64
		Debug|x86 = Debug|x86
		Release|Any CPU = Release|Any CPU
		Release|x64 = Release|x64
		Release|x86 = Release|x86
	EndGlobalSection
	GlobalSection(ProjectConfigurationPlatforms) = postSolution
		{B251E3FE-1615-42E5-B40F-EF69EE8E4920}.Debug|Any CPU.ActiveCfg = Debug|x64
		{B251E3FE-1615-42E5-B40F-EF69EE8E4920}.Debug|Any CPU.Build.0 = Debug|x64
		{B251E3FE-1615-42E5-B40F-EF69EE8E4920}.Debug|x64.ActiveCfg = Debug|x64
		{B251E3FE-1615-42E5-B40F-EF69EE8E4920}.Debug|x64.Build.0 = Debug|x64
		{B251E3FE-1615-42E5-B40F-EF69EE8E4920}.Debug|x86.ActiveCfg = Debug|Win32
		{B251E3FE-1615-42E5-B40F-EF69EE8E4920}.Debug|x86.Build.0 = Debug|Win32
		{B251E3FE-1615-42E5-B40F-EF69EE8E4920}.Release|Any CPU.ActiveCfg = Release|x64
		{B251E3FE-1615-42E5-B40F-EF69EE8E4920}.Release|Any CPU.Build.0 = Release|x64
		{B251E3FE-1615-42E5-B40F-EF69EE8E4920}.Release|x64.ActiveCfg = Release|x64
		{B251E3FE-1615-42E5-B40F-EF69EE8E4920}.Release|x64.Build.0 = Release|x64
		{B251E3FE-1615-42E5-B40F-EF69EE8E4920}.Release|x86.ActiveCfg = Release|Win32
		{B251E3FE-1615-42E5-B40F-EF69EE8E4920}.Release|x86.Build.0 = Release|Win32
		{C7C64768-D0EC-47D8-B906-80A5C2BAAEDB}.Debug|Any CPU.ActiveCfg = Debug|x64
		{C7C64768-D0EC-47D8-B906-80A5C2BAAEDB}.Debug|Any CPU.Build.0 = Debug|x64
		{C7C64768-D0EC-47D8-B906-80A5C2BAAEDB}.Debug|x64.ActiveCfg = Debug|x64
		{C7C64768-D0EC-47D8-B906-80A5C2BAAEDB}.Debug|x64.Build.0 = Debug|x64
		{C7C64768-D0EC-47D8-B906-80A5C2BAAEDB}.Debug|x86.ActiveCfg = Debug|Win32
		{C7C64768-D0EC-47D8-B906-80A5C2BAAEDB}.Debug|x86.Build.0 = Debug|Win32
		{C7C64768-D0EC-47D8-B906-80A5C2BAAEDB}.Release|Any CPU.ActiveCfg = Release|x64
		{C7C64768-D0EC-47D8-B906-80A5C2BAAEDB}.Release|Any CPU.Build.0 = Release|x64
		{C7C64768-D0EC-47D8-B906-80A5C2BAAEDB}.Release|x64.ActiveCfg = Release|x64
		{C7C64768-D0EC-47D8-B906-80A5C2BAAEDB}.Release|x64.Build.0 = Release|x64
		{C7C64768-D0EC-47D8-B906-80A5C2BAAEDB}.Release|x86.ActiveCfg = Release|Win32
		{C7C64768-D0EC-47D8-B906-80A5C2BAAEDB}.Release|x86.Build.0 = Release|Win32
		{FCB5A6D9-45C6-4D80-8804-3E4248067C41}.Debug|Any CPU.ActiveCfg = Debug|Any CPU
		{FCB5A6D9-45C6-4D80-8804-3E4248067C41}.Debug|Any CPU.Build.0 = Debug|Any CPU
		{FCB5A6D9-45C6-4D80-8804-3E4248067C41}.Debug|x64.ActiveCfg = Debug|Any CPU
		{FCB5A6D9-45C6-4D80-8804-3E4248067C41}.Debug|x64.Build.0 = Debug|Any CPU
		{FCB5A6D9-45C6-4D80-8804-3E4248067C41}.Debug|x86.ActiveCfg = Debug|Any CPU
		{FCB5A6D9-45C6-4D80-8804-3E4248067C41}.Debug|x86.Build.0 = Debug|Any CPU
		{FCB5A6D9-45C6-4D80-8804-3E4248067C41}.Release|Any CPU.ActiveCfg = Release|Any CPU
		{FCB5A6D9-45C6-4D80-8804-3E4248067C41}.Release|Any CPU.Build.0 = Release|Any CPU
		{FCB5A6D9-45C6-4D80-8804-3E4248067C41}.Release|x64.ActiveCfg = Release|Any CPU
		{FCB5A6D9-45C6-4D80-8804-3E4248067C41}.Release|x64.Build.0 = Release|Any CPU
		{FCB5A6D9-45C6-4D80-8804-3E4248067C41}.Release|x86.ActiveCfg = Release|Any CPU
		{FCB5A6D9-45C6-4D80-8804-3E4248067C41}.Release|x86.Build.0 = Release|Any CPU
		{9A2AEDD8-9B4D-46A5-9EF6-98F13032C856}.Debug|Any CPU.ActiveCfg = Debug|Any CPU
		{9A2AEDD8-9B4D-46A5-9EF6-98F13032C856}.Debug|Any CPU.Build.0 = Debug|Any CPU
		{9A2AEDD8-9B4D-46A5-9EF6-98F13032C856}.Debug|x64.ActiveCfg = Debug|Any CPU
		{9A2AEDD8-9B4D-46A5-9EF6-98F13032C856}.Debug|x64.Build.0 = Debug|Any CPU
		{9A2AEDD8-9B4D-46A5-9EF6-98F13032C856}.Debug|x86.ActiveCfg = Debug|Any CPU
		{9A2AEDD8-9B4D-46A5-9EF6-98F13032C856}.Debug|x86.Build.0 = Debug|Any CPU
		{9A2AEDD8-9B4D-46A5-9EF6-98F13032C856}.Release|Any CPU.ActiveCfg = Release|Any CPU
		{9A2AEDD8-9B4D-46A5-9EF6-98F13032C856}.Release|Any CPU.Build.0 = Release|Any CPU
		{9A2AEDD8-9B4D-46A5-9EF6-98F13032C856}.Release|x64.ActiveCfg = Release|Any CPU
		{9A2AEDD8-9B4D-46A5-9EF6-98F13032C856}.Release|x64.Build.0 = Release|Any CPU
		{9A2AEDD8-9B4D-46A5-9EF6-98F13032C856}.Release|x86.ActiveCfg = Release|Any CPU
		{9A2AEDD8-9B4D-46A5-9EF6-98F13032C856}.Release|x86.Build.0 = Release|Any CPU
		{12B54E14-EA01-469F-844A-68F577A2B809}.Debug|Any CPU.ActiveCfg = Debug|Any CPU
		{12B54E14-EA01-469F-844A-68F577A2B809}.Debug|Any CPU.Build.0 = Debug|Any CPU
		{12B54E14-EA01-469F-844A-68F577A2B809}.Debug|x64.ActiveCfg = Debug|Any CPU
		{12B54E14-EA01-469F-844A-68F577A2B809}.Debug|x64.Build.0 = Debug|Any CPU
		{12B54E14-EA01-469F-844A-68F577A2B809}.Debug|x86.ActiveCfg = Debug|Any CPU
		{12B54E14-EA01-469F-844A-68F577A2B809}.Debug|x86.Build.0 = Debug|Any CPU
		{12B54E14-EA01-469F-844A-68F577A2B809}.Release|Any CPU.ActiveCfg = Release|Any CPU
		{12B54E14-EA01-469F-844A-68F577A2B809}.Release|Any CPU.Build.0 = Release|Any CPU
		{12B54E14-EA01-469F-844A-68F577A2B809}.Release|x64.ActiveCfg = Release|Any CPU
		{12B54E14-EA01-469F-844A-68F577A2B809}.Release|x64.Build.0 = Release|Any CPU
		{12B54E14-EA01-469F-844A-68F577A2B809}.Release|x86.ActiveCfg = Release|Any CPU
		{12B54E14-EA01-469F-844A-68F577A2B809}.Release|x86.Build.0 = Release|Any CPU
		{5D01BAAC-D6C0-4125-BD35-2A3532FEE1DF}.Debug|Any CPU.ActiveCfg = Debug|Any CPU
		{5D01BAAC-D6C0-4125-BD35-2A3532FEE1DF}.Debug|Any CPU.Build.0 = Debug|Any CPU
		{5D01BAAC-D6C0-4125-BD35-2A3532FEE1DF}.Debug|x64.ActiveCfg = Debug|Any CPU
		{5D01BAAC-D6C0-4125-BD35-2A3532FEE1DF}.Debug|x64.Build.0 = Debug|Any CPU
		{5D01BAAC-D6C0-4125-BD35-2A3532FEE1DF}.Debug|x86.ActiveCfg = Debug|Any CPU
		{5D01BAAC-D6C0-4125-BD35-2A3532FEE1DF}.Debug|x86.Build.0 = Debug|Any CPU
		{5D01BAAC-D6C0-4125-BD35-2A3532FEE1DF}.Release|Any CPU.ActiveCfg = Release|Any CPU
		{5D01BAAC-D6C0-4125-BD35-2A3532FEE1DF}.Release|Any CPU.Build.0 = Release|Any CPU
		{5D01BAAC-D6C0-4125-BD35-2A3532FEE1DF}.Release|x64.ActiveCfg = Release|Any CPU
		{5D01BAAC-D6C0-4125-BD35-2A3532FEE1DF}.Release|x64.Build.0 = Release|Any CPU
		{5D01BAAC-D6C0-4125-BD35-2A3532FEE1DF}.Release|x86.ActiveCfg = Release|Any CPU
		{5D01BAAC-D6C0-4125-BD35-2A3532FEE1DF}.Release|x86.Build.0 = Release|Any CPU
		{320A0CB6-6AAB-4D96-A349-A28091F6A718}.Debug|Any CPU.ActiveCfg = Debug|Any CPU
		{320A0CB6-6AAB-4D96-A349-A28091F6A718}.Debug|Any CPU.Build.0 = Debug|Any CPU
		{320A0CB6-6AAB-4D96-A349-A28091F6A718}.Debug|x64.ActiveCfg = Debug|Any CPU
		{320A0CB6-6AAB-4D96-A349-A28091F6A718}.Debug|x64.Build.0 = Debug|Any CPU
		{320A0CB6-6AAB-4D96-A349-A28091F6A718}.Debug|x86.ActiveCfg = Debug|Any CPU
		{320A0CB6-6AAB-4D96-A349-A28091F6A718}.Debug|x86.Build.0 = Debug|Any CPU
		{320A0CB6-6AAB-4D96-A349-A28091F6A718}.Release|Any CPU.ActiveCfg = Release|Any CPU
		{320A0CB6-6AAB-4D96-A349-A28091F6A718}.Release|Any CPU.Build.0 = Release|Any CPU
		{320A0CB6-6AAB-4D96-A349-A28091F6A718}.Release|x64.ActiveCfg = Release|Any CPU
		{320A0CB6-6AAB-4D96-A349-A28091F6A718}.Release|x64.Build.0 = Release|Any CPU
		{320A0CB6-6AAB-4D96-A349-A28091F6A718}.Release|x86.ActiveCfg = Release|Any CPU
		{320A0CB6-6AAB-4D96-A349-A28091F6A718}.Release|x86.Build.0 = Release|Any CPU
		{E489B63E-AED9-4C96-B871-B1E269F58E47}.Debug|Any CPU.ActiveCfg = Debug|Any CPU
		{E489B63E-AED9-4C96-B871-B1E269F58E47}.Debug|Any CPU.Build.0 = Debug|Any CPU
		{E489B63E-AED9-4C96-B871-B1E269F58E47}.Debug|x64.ActiveCfg = Debug|Any CPU
		{E489B63E-AED9-4C96-B871-B1E269F58E47}.Debug|x64.Build.0 = Debug|Any CPU
		{E489B63E-AED9-4C96-B871-B1E269F58E47}.Debug|x86.ActiveCfg = Debug|Any CPU
		{E489B63E-AED9-4C96-B871-B1E269F58E47}.Debug|x86.Build.0 = Debug|Any CPU
		{E489B63E-AED9-4C96-B871-B1E269F58E47}.Release|Any CPU.ActiveCfg = Release|Any CPU
		{E489B63E-AED9-4C96-B871-B1E269F58E47}.Release|Any CPU.Build.0 = Release|Any CPU
		{E489B63E-AED9-4C96-B871-B1E269F58E47}.Release|x64.ActiveCfg = Release|Any CPU
		{E489B63E-AED9-4C96-B871-B1E269F58E47}.Release|x64.Build.0 = Release|Any CPU
		{E489B63E-AED9-4C96-B871-B1E269F58E47}.Release|x86.ActiveCfg = Release|Any CPU
		{E489B63E-AED9-4C96-B871-B1E269F58E47}.Release|x86.Build.0 = Release|Any CPU
		{316A0377-2554-4C8B-B4C3-612265DF18BC}.Debug|Any CPU.ActiveCfg = Debug|Any CPU
		{316A0377-2554-4C8B-B4C3-612265DF18BC}.Debug|Any CPU.Build.0 = Debug|Any CPU
		{316A0377-2554-4C8B-B4C3-612265DF18BC}.Debug|x64.ActiveCfg = Debug|Any CPU
		{316A0377-2554-4C8B-B4C3-612265DF18BC}.Debug|x64.Build.0 = Debug|Any CPU
		{316A0377-2554-4C8B-B4C3-612265DF18BC}.Debug|x86.ActiveCfg = Debug|Any CPU
		{316A0377-2554-4C8B-B4C3-612265DF18BC}.Debug|x86.Build.0 = Debug|Any CPU
		{316A0377-2554-4C8B-B4C3-612265DF18BC}.Release|Any CPU.ActiveCfg = Release|Any CPU
		{316A0377-2554-4C8B-B4C3-612265DF18BC}.Release|Any CPU.Build.0 = Release|Any CPU
		{316A0377-2554-4C8B-B4C3-612265DF18BC}.Release|x64.ActiveCfg = Release|Any CPU
		{316A0377-2554-4C8B-B4C3-612265DF18BC}.Release|x64.Build.0 = Release|Any CPU
		{316A0377-2554-4C8B-B4C3-612265DF18BC}.Release|x86.ActiveCfg = Release|Any CPU
		{316A0377-2554-4C8B-B4C3-612265DF18BC}.Release|x86.Build.0 = Release|Any CPU
		{49DA9D00-5BD2-4320-94A0-568FBAB31F2B}.Debug|Any CPU.ActiveCfg = Debug|Any CPU
		{49DA9D00-5BD2-4320-94A0-568FBAB31F2B}.Debug|Any CPU.Build.0 = Debug|Any CPU
		{49DA9D00-5BD2-4320-94A0-568FBAB31F2B}.Debug|x64.ActiveCfg = Debug|Any CPU
		{49DA9D00-5BD2-4320-94A0-568FBAB31F2B}.Debug|x64.Build.0 = Debug|Any CPU
		{49DA9D00-5BD2-4320-94A0-568FBAB31F2B}.Debug|x86.ActiveCfg = Debug|Any CPU
		{49DA9D00-5BD2-4320-94A0-568FBAB31F2B}.Debug|x86.Build.0 = Debug|Any CPU
		{49DA9D00-5BD2-4320-94A0-568FBAB31F2B}.Release|Any CPU.ActiveCfg = Release|Any CPU
		{49DA9D00-5BD2-4320-94A0-568FBAB31F2B}.Release|Any CPU.Build.0 = Release|Any CPU
		{49DA9D00-5BD2-4320-94A0-568FBAB31F2B}.Release|x64.ActiveCfg = Release|Any CPU
		{49DA9D00-5BD2-4320-94A0-568FBAB31F2B}.Release|x64.Build.0 = Release|Any CPU
		{49DA9D00-5BD2-4320-94A0-568FBAB31F2B}.Release|x86.ActiveCfg = Release|Any CPU
		{49DA9D00-5BD2-4320-94A0-568FBAB31F2B}.Release|x86.Build.0 = Release|Any CPU
		{743C8E2C-9AC1-4D84-84BE-9348F2B3D05F}.Debug|Any CPU.ActiveCfg = Debug|Any CPU
		{743C8E2C-9AC1-4D84-84BE-9348F2B3D05F}.Debug|Any CPU.Build.0 = Debug|Any CPU
		{743C8E2C-9AC1-4D84-84BE-9348F2B3D05F}.Debug|x64.ActiveCfg = Debug|Any CPU
		{743C8E2C-9AC1-4D84-84BE-9348F2B3D05F}.Debug|x64.Build.0 = Debug|Any CPU
		{743C8E2C-9AC1-4D84-84BE-9348F2B3D05F}.Debug|x86.ActiveCfg = Debug|Any CPU
		{743C8E2C-9AC1-4D84-84BE-9348F2B3D05F}.Debug|x86.Build.0 = Debug|Any CPU
		{743C8E2C-9AC1-4D84-84BE-9348F2B3D05F}.Release|Any CPU.ActiveCfg = Release|Any CPU
		{743C8E2C-9AC1-4D84-84BE-9348F2B3D05F}.Release|Any CPU.Build.0 = Release|Any CPU
		{743C8E2C-9AC1-4D84-84BE-9348F2B3D05F}.Release|x64.ActiveCfg = Release|Any CPU
		{743C8E2C-9AC1-4D84-84BE-9348F2B3D05F}.Release|x64.Build.0 = Release|Any CPU
		{743C8E2C-9AC1-4D84-84BE-9348F2B3D05F}.Release|x86.ActiveCfg = Release|Any CPU
		{743C8E2C-9AC1-4D84-84BE-9348F2B3D05F}.Release|x86.Build.0 = Release|Any CPU
		{94A23755-7F83-4BF7-9D12-498B0FF98CAF}.Debug|Any CPU.ActiveCfg = Debug|Any CPU
		{94A23755-7F83-4BF7-9D12-498B0FF98CAF}.Debug|Any CPU.Build.0 = Debug|Any CPU
		{94A23755-7F83-4BF7-9D12-498B0FF98CAF}.Debug|x64.ActiveCfg = Debug|Any CPU
		{94A23755-7F83-4BF7-9D12-498B0FF98CAF}.Debug|x64.Build.0 = Debug|Any CPU
		{94A23755-7F83-4BF7-9D12-498B0FF98CAF}.Debug|x86.ActiveCfg = Debug|Any CPU
		{94A23755-7F83-4BF7-9D12-498B0FF98CAF}.Debug|x86.Build.0 = Debug|Any CPU
		{94A23755-7F83-4BF7-9D12-498B0FF98CAF}.Release|Any CPU.ActiveCfg = Release|Any CPU
		{94A23755-7F83-4BF7-9D12-498B0FF98CAF}.Release|Any CPU.Build.0 = Release|Any CPU
		{94A23755-7F83-4BF7-9D12-498B0FF98CAF}.Release|x64.ActiveCfg = Release|Any CPU
		{94A23755-7F83-4BF7-9D12-498B0FF98CAF}.Release|x64.Build.0 = Release|Any CPU
		{94A23755-7F83-4BF7-9D12-498B0FF98CAF}.Release|x86.ActiveCfg = Release|Any CPU
		{94A23755-7F83-4BF7-9D12-498B0FF98CAF}.Release|x86.Build.0 = Release|Any CPU
		{F4C97565-37A0-4263-81D4-F77DE7B65DA9}.Debug|Any CPU.ActiveCfg = Debug|Any CPU
		{F4C97565-37A0-4263-81D4-F77DE7B65DA9}.Debug|Any CPU.Build.0 = Debug|Any CPU
		{F4C97565-37A0-4263-81D4-F77DE7B65DA9}.Debug|x64.ActiveCfg = Debug|Any CPU
		{F4C97565-37A0-4263-81D4-F77DE7B65DA9}.Debug|x64.Build.0 = Debug|Any CPU
		{F4C97565-37A0-4263-81D4-F77DE7B65DA9}.Debug|x86.ActiveCfg = Debug|Any CPU
		{F4C97565-37A0-4263-81D4-F77DE7B65DA9}.Debug|x86.Build.0 = Debug|Any CPU
		{F4C97565-37A0-4263-81D4-F77DE7B65DA9}.Release|Any CPU.ActiveCfg = Release|Any CPU
		{F4C97565-37A0-4263-81D4-F77DE7B65DA9}.Release|Any CPU.Build.0 = Release|Any CPU
		{F4C97565-37A0-4263-81D4-F77DE7B65DA9}.Release|x64.ActiveCfg = Release|Any CPU
		{F4C97565-37A0-4263-81D4-F77DE7B65DA9}.Release|x64.Build.0 = Release|Any CPU
		{F4C97565-37A0-4263-81D4-F77DE7B65DA9}.Release|x86.ActiveCfg = Release|Any CPU
		{F4C97565-37A0-4263-81D4-F77DE7B65DA9}.Release|x86.Build.0 = Release|Any CPU
		{DE5E3E85-CE87-4489-9F6D-D17370D01BCB}.Debug|Any CPU.ActiveCfg = Debug|Any CPU
		{DE5E3E85-CE87-4489-9F6D-D17370D01BCB}.Debug|Any CPU.Build.0 = Debug|Any CPU
		{DE5E3E85-CE87-4489-9F6D-D17370D01BCB}.Debug|x64.ActiveCfg = Debug|Any CPU
		{DE5E3E85-CE87-4489-9F6D-D17370D01BCB}.Debug|x64.Build.0 = Debug|Any CPU
		{DE5E3E85-CE87-4489-9F6D-D17370D01BCB}.Debug|x86.ActiveCfg = Debug|Any CPU
		{DE5E3E85-CE87-4489-9F6D-D17370D01BCB}.Debug|x86.Build.0 = Debug|Any CPU
		{DE5E3E85-CE87-4489-9F6D-D17370D01BCB}.Release|Any CPU.ActiveCfg = Release|Any CPU
		{DE5E3E85-CE87-4489-9F6D-D17370D01BCB}.Release|Any CPU.Build.0 = Release|Any CPU
		{DE5E3E85-CE87-4489-9F6D-D17370D01BCB}.Release|x64.ActiveCfg = Release|Any CPU
		{DE5E3E85-CE87-4489-9F6D-D17370D01BCB}.Release|x64.Build.0 = Release|Any CPU
		{DE5E3E85-CE87-4489-9F6D-D17370D01BCB}.Release|x86.ActiveCfg = Release|Any CPU
		{DE5E3E85-CE87-4489-9F6D-D17370D01BCB}.Release|x86.Build.0 = Release|Any CPU
		{D7CDAEF3-0696-44A6-84D2-EA33F18B8044}.Debug|Any CPU.ActiveCfg = Debug|Any CPU
		{D7CDAEF3-0696-44A6-84D2-EA33F18B8044}.Debug|Any CPU.Build.0 = Debug|Any CPU
		{D7CDAEF3-0696-44A6-84D2-EA33F18B8044}.Debug|x64.ActiveCfg = Debug|Any CPU
		{D7CDAEF3-0696-44A6-84D2-EA33F18B8044}.Debug|x64.Build.0 = Debug|Any CPU
		{D7CDAEF3-0696-44A6-84D2-EA33F18B8044}.Debug|x86.ActiveCfg = Debug|Any CPU
		{D7CDAEF3-0696-44A6-84D2-EA33F18B8044}.Debug|x86.Build.0 = Debug|Any CPU
		{D7CDAEF3-0696-44A6-84D2-EA33F18B8044}.Release|Any CPU.ActiveCfg = Release|Any CPU
		{D7CDAEF3-0696-44A6-84D2-EA33F18B8044}.Release|Any CPU.Build.0 = Release|Any CPU
		{D7CDAEF3-0696-44A6-84D2-EA33F18B8044}.Release|x64.ActiveCfg = Release|Any CPU
		{D7CDAEF3-0696-44A6-84D2-EA33F18B8044}.Release|x64.Build.0 = Release|Any CPU
		{D7CDAEF3-0696-44A6-84D2-EA33F18B8044}.Release|x86.ActiveCfg = Release|Any CPU
		{D7CDAEF3-0696-44A6-84D2-EA33F18B8044}.Release|x86.Build.0 = Release|Any CPU
		{C8EF1C23-9242-42E8-A156-A195B4F253D4}.Debug|Any CPU.ActiveCfg = Debug|Any CPU
		{C8EF1C23-9242-42E8-A156-A195B4F253D4}.Debug|Any CPU.Build.0 = Debug|Any CPU
		{C8EF1C23-9242-42E8-A156-A195B4F253D4}.Debug|x64.ActiveCfg = Debug|Any CPU
		{C8EF1C23-9242-42E8-A156-A195B4F253D4}.Debug|x64.Build.0 = Debug|Any CPU
		{C8EF1C23-9242-42E8-A156-A195B4F253D4}.Debug|x86.ActiveCfg = Debug|Any CPU
		{C8EF1C23-9242-42E8-A156-A195B4F253D4}.Debug|x86.Build.0 = Debug|Any CPU
		{C8EF1C23-9242-42E8-A156-A195B4F253D4}.Release|Any CPU.ActiveCfg = Release|Any CPU
		{C8EF1C23-9242-42E8-A156-A195B4F253D4}.Release|Any CPU.Build.0 = Release|Any CPU
		{C8EF1C23-9242-42E8-A156-A195B4F253D4}.Release|x64.ActiveCfg = Release|Any CPU
		{C8EF1C23-9242-42E8-A156-A195B4F253D4}.Release|x64.Build.0 = Release|Any CPU
		{C8EF1C23-9242-42E8-A156-A195B4F253D4}.Release|x86.ActiveCfg = Release|Any CPU
		{C8EF1C23-9242-42E8-A156-A195B4F253D4}.Release|x86.Build.0 = Release|Any CPU
		{FC1F3059-C035-442B-9693-A6384074FEE3}.Debug|Any CPU.ActiveCfg = Debug|Any CPU
		{FC1F3059-C035-442B-9693-A6384074FEE3}.Debug|Any CPU.Build.0 = Debug|Any CPU
		{FC1F3059-C035-442B-9693-A6384074FEE3}.Debug|x64.ActiveCfg = Debug|Any CPU
		{FC1F3059-C035-442B-9693-A6384074FEE3}.Debug|x64.Build.0 = Debug|Any CPU
		{FC1F3059-C035-442B-9693-A6384074FEE3}.Debug|x86.ActiveCfg = Debug|Any CPU
		{FC1F3059-C035-442B-9693-A6384074FEE3}.Debug|x86.Build.0 = Debug|Any CPU
		{FC1F3059-C035-442B-9693-A6384074FEE3}.Release|Any CPU.ActiveCfg = Release|Any CPU
		{FC1F3059-C035-442B-9693-A6384074FEE3}.Release|Any CPU.Build.0 = Release|Any CPU
		{FC1F3059-C035-442B-9693-A6384074FEE3}.Release|x64.ActiveCfg = Release|Any CPU
		{FC1F3059-C035-442B-9693-A6384074FEE3}.Release|x64.Build.0 = Release|Any CPU
		{FC1F3059-C035-442B-9693-A6384074FEE3}.Release|x86.ActiveCfg = Release|Any CPU
		{FC1F3059-C035-442B-9693-A6384074FEE3}.Release|x86.Build.0 = Release|Any CPU
	EndGlobalSection
	GlobalSection(SolutionProperties) = preSolution
		HideSolutionNode = FALSE
	EndGlobalSection
EndGlobal
